// !$*UTF8*$!
{
	archiveVersion = 1;
	classes = {
	};
	objectVersion = 55;
	objects = {

/* Begin PBXBuildFile section */
		9836B3B027C0DE5F00704AB0 /* AppDelegate.swift in Sources */ = {isa = PBXBuildFile; fileRef = 9836B3AF27C0DE5F00704AB0 /* AppDelegate.swift */; };
		9836B3B227C0DE5F00704AB0 /* SceneDelegate.swift in Sources */ = {isa = PBXBuildFile; fileRef = 9836B3B127C0DE5F00704AB0 /* SceneDelegate.swift */; };
		9836B3B427C0DE5F00704AB0 /* ViewController.swift in Sources */ = {isa = PBXBuildFile; fileRef = 9836B3B327C0DE5F00704AB0 /* ViewController.swift */; };
		9836B3B727C0DE5F00704AB0 /* Main.storyboard in Resources */ = {isa = PBXBuildFile; fileRef = 9836B3B527C0DE5F00704AB0 /* Main.storyboard */; };
		9836B3B927C0DE6100704AB0 /* Assets.xcassets in Resources */ = {isa = PBXBuildFile; fileRef = 9836B3B827C0DE6100704AB0 /* Assets.xcassets */; };
		9836B3BC27C0DE6100704AB0 /* LaunchScreen.storyboard in Resources */ = {isa = PBXBuildFile; fileRef = 9836B3BA27C0DE6100704AB0 /* LaunchScreen.storyboard */; };
		9836B3C927C0DF5F00704AB0 /* 3.png in Resources */ = {isa = PBXBuildFile; fileRef = 9836B3C327C0DF5F00704AB0 /* 3.png */; };
		9836B3CA27C0DF5F00704AB0 /* 4.png in Resources */ = {isa = PBXBuildFile; fileRef = 9836B3C427C0DF5F00704AB0 /* 4.png */; };
		9836B3CB27C0DF5F00704AB0 /* 6.png in Resources */ = {isa = PBXBuildFile; fileRef = 9836B3C527C0DF5F00704AB0 /* 6.png */; };
		9836B3CC27C0DF5F00704AB0 /* 5.png in Resources */ = {isa = PBXBuildFile; fileRef = 9836B3C627C0DF5F00704AB0 /* 5.png */; };
		9836B3CD27C0DF5F00704AB0 /* 2.png in Resources */ = {isa = PBXBuildFile; fileRef = 9836B3C727C0DF5F00704AB0 /* 2.png */; };
		9836B3CE27C0DF5F00704AB0 /* 1.png in Resources */ = {isa = PBXBuildFile; fileRef = 9836B3C827C0DF5F00704AB0 /* 1.png */; };
/* End PBXBuildFile section */

/* Begin PBXFileReference section */
		9836B3AC27C0DE5F00704AB0 /* ImageViewMission.app */ = {isa = PBXFileReference; explicitFileType = wrapper.application; includeInIndex = 0; path = ImageViewMission.app; sourceTree = BUILT_PRODUCTS_DIR; };
		9836B3AF27C0DE5F00704AB0 /* AppDelegate.swift */ = {isa = PBXFileReference; lastKnownFileType = sourcecode.swift; path = AppDelegate.swift; sourceTree = "<group>"; };
		9836B3B127C0DE5F00704AB0 /* SceneDelegate.swift */ = {isa = PBXFileReference; lastKnownFileType = sourcecode.swift; path = SceneDelegate.swift; sourceTree = "<group>"; };
		9836B3B327C0DE5F00704AB0 /* ViewController.swift */ = {isa = PBXFileReference; lastKnownFileType = sourcecode.swift; path = ViewController.swift; sourceTree = "<group>"; };
		9836B3B627C0DE5F00704AB0 /* Base */ = {isa = PBXFileReference; lastKnownFileType = file.storyboard; name = Base; path = Base.lproj/Main.storyboard; sourceTree = "<group>"; };
		9836B3B827C0DE6100704AB0 /* Assets.xcassets */ = {isa = PBXFileReference; lastKnownFileType = folder.assetcatalog; path = Assets.xcassets; sourceTree = "<group>"; };
		9836B3BB27C0DE6100704AB0 /* Base */ = {isa = PBXFileReference; lastKnownFileType = file.storyboard; name = Base; path = Base.lproj/LaunchScreen.storyboard; sourceTree = "<group>"; };
		9836B3BD27C0DE6100704AB0 /* Info.plist */ = {isa = PBXFileReference; lastKnownFileType = text.plist.xml; path = Info.plist; sourceTree = "<group>"; };
		9836B3C327C0DF5F00704AB0 /* 3.png */ = {isa = PBXFileReference; lastKnownFileType = image.png; path = 3.png; sourceTree = "<group>"; };
		9836B3C427C0DF5F00704AB0 /* 4.png */ = {isa = PBXFileReference; lastKnownFileType = image.png; path = 4.png; sourceTree = "<group>"; };
		9836B3C527C0DF5F00704AB0 /* 6.png */ = {isa = PBXFileReference; lastKnownFileType = image.png; path = 6.png; sourceTree = "<group>"; };
		9836B3C627C0DF5F00704AB0 /* 5.png */ = {isa = PBXFileReference; lastKnownFileType = image.png; path = 5.png; sourceTree = "<group>"; };
		9836B3C727C0DF5F00704AB0 /* 2.png */ = {isa = PBXFileReference; lastKnownFileType = image.png; path = 2.png; sourceTree = "<group>"; };
		9836B3C827C0DF5F00704AB0 /* 1.png */ = {isa = PBXFileReference; lastKnownFileType = image.png; path = 1.png; sourceTree = "<group>"; };
/* End PBXFileReference section */

/* Begin PBXFrameworksBuildPhase section */
		9836B3A927C0DE5F00704AB0 /* Frameworks */ = {
			isa = PBXFrameworksBuildPhase;
			buildActionMask = 2147483647;
			files = (
			);
			runOnlyForDeploymentPostprocessing = 0;
		};
/* End PBXFrameworksBuildPhase section */

/* Begin PBXGroup section */
		9836B3A327C0DE5F00704AB0 = {
			isa = PBXGroup;
			children = (
				9836B3AE27C0DE5F00704AB0 /* ImageViewMission */,
				9836B3AD27C0DE5F00704AB0 /* Products */,
			);
			sourceTree = "<group>";
		};
		9836B3AD27C0DE5F00704AB0 /* Products */ = {
			isa = PBXGroup;
			children = (
				9836B3AC27C0DE5F00704AB0 /* ImageViewMission.app */,
			);
			name = Products;
			sourceTree = "<group>";
		};
		9836B3AE27C0DE5F00704AB0 /* ImageViewMission */ = {
			isa = PBXGroup;
			children = (
				9836B3AF27C0DE5F00704AB0 /* AppDelegate.swift */,
				9836B3B127C0DE5F00704AB0 /* SceneDelegate.swift */,
				9836B3B327C0DE5F00704AB0 /* ViewController.swift */,
				9836B3B527C0DE5F00704AB0 /* Main.storyboard */,
				9836B3B827C0DE6100704AB0 /* Assets.xcassets */,
				9836B3C827C0DF5F00704AB0 /* 1.png */,
				9836B3C727C0DF5F00704AB0 /* 2.png */,
				9836B3C327C0DF5F00704AB0 /* 3.png */,
				9836B3C427C0DF5F00704AB0 /* 4.png */,
				9836B3C627C0DF5F00704AB0 /* 5.png */,
				9836B3C527C0DF5F00704AB0 /* 6.png */,
				9836B3BA27C0DE6100704AB0 /* LaunchScreen.storyboard */,
				9836B3BD27C0DE6100704AB0 /* Info.plist */,
			);
			path = ImageViewMission;
			sourceTree = "<group>";
		};
/* End PBXGroup section */

/* Begin PBXNativeTarget section */
		9836B3AB27C0DE5F00704AB0 /* ImageViewMission */ = {
			isa = PBXNativeTarget;
			buildConfigurationList = 9836B3C027C0DE6100704AB0 /* Build configuration list for PBXNativeTarget "ImageViewMission" */;
			buildPhases = (
				9836B3A827C0DE5F00704AB0 /* Sources */,
				9836B3A927C0DE5F00704AB0 /* Frameworks */,
				9836B3AA27C0DE5F00704AB0 /* Resources */,
			);
			buildRules = (
			);
			dependencies = (
			);
			name = ImageViewMission;
			productName = ImageViewMission;
			productReference = 9836B3AC27C0DE5F00704AB0 /* ImageViewMission.app */;
			productType = "com.apple.product-type.application";
		};
/* End PBXNativeTarget section */

/* Begin PBXProject section */
		9836B3A427C0DE5F00704AB0 /* Project object */ = {
			isa = PBXProject;
			attributes = {
				BuildIndependentTargetsInParallel = 1;
				LastSwiftUpdateCheck = 1320;
				LastUpgradeCheck = 1320;
				TargetAttributes = {
					9836B3AB27C0DE5F00704AB0 = {
						CreatedOnToolsVersion = 13.2.1;
					};
				};
			};
			buildConfigurationList = 9836B3A727C0DE5F00704AB0 /* Build configuration list for PBXProject "ImageViewMission" */;
			compatibilityVersion = "Xcode 13.0";
			developmentRegion = en;
			hasScannedForEncodings = 0;
			knownRegions = (
				en,
				Base,
			);
			mainGroup = 9836B3A327C0DE5F00704AB0;
			productRefGroup = 9836B3AD27C0DE5F00704AB0 /* Products */;
			projectDirPath = "";
			projectRoot = "";
			targets = (
				9836B3AB27C0DE5F00704AB0 /* ImageViewMission */,
			);
		};
/* End PBXProject section */

/* Begin PBXResourcesBuildPhase section */
		9836B3AA27C0DE5F00704AB0 /* Resources */ = {
			isa = PBXResourcesBuildPhase;
			buildActionMask = 2147483647;
			files = (
				9836B3CE27C0DF5F00704AB0 /* 1.png in Resources */,
				9836B3CB27C0DF5F00704AB0 /* 6.png in Resources */,
				9836B3BC27C0DE6100704AB0 /* LaunchScreen.storyboard in Resources */,
				9836B3CD27C0DF5F00704AB0 /* 2.png in Resources */,
				9836B3B927C0DE6100704AB0 /* Assets.xcassets in Resources */,
				9836B3B727C0DE5F00704AB0 /* Main.storyboard in Resources */,
				9836B3CC27C0DF5F00704AB0 /* 5.png in Resources */,
				9836B3CA27C0DF5F00704AB0 /* 4.png in Resources */,
				9836B3C927C0DF5F00704AB0 /* 3.png in Resources */,
			);
			runOnlyForDeploymentPostprocessing = 0;
		};
/* End PBXResourcesBuildPhase section */

/* Begin PBXSourcesBuildPhase section */
		9836B3A827C0DE5F00704AB0 /* Sources */ = {
			isa = PBXSourcesBuildPhase;
			buildActionMask = 2147483647;
			files = (
				9836B3B427C0DE5F00704AB0 /* ViewController.swift in Sources */,
				9836B3B027C0DE5F00704AB0 /* AppDelegate.swift in Sources */,
				9836B3B227C0DE5F00704AB0 /* SceneDelegate.swift in Sources */,
			);
			runOnlyForDeploymentPostprocessing = 0;
		};
/* End PBXSourcesBuildPhase section */

/* Begin PBXVariantGroup section */
		9836B3B527C0DE5F00704AB0 /* Main.storyboard */ = {
			isa = PBXVariantGroup;
			children = (
				9836B3B627C0DE5F00704AB0 /* Base */,
			);
			name = Main.storyboard;
			sourceTree = "<group>";
		};
		9836B3BA27C0DE6100704AB0 /* LaunchScreen.storyboard */ = {
			isa = PBXVariantGroup;
			children = (
				9836B3BB27C0DE6100704AB0 /* Base */,
			);
			name = LaunchScreen.storyboard;
			sourceTree = "<group>";
		};
/* End PBXVariantGroup section */

/* Begin XCBuildConfiguration section */
		9836B3BE27C0DE6100704AB0 /* Debug */ = {
			isa = XCBuildConfiguration;
			buildSettings = {
				ALWAYS_SEARCH_USER_PATHS = NO;
				CLANG_ANALYZER_NONNULL = YES;
				CLANG_ANALYZER_NUMBER_OBJECT_CONVERSION = YES_AGGRESSIVE;
				CLANG_CXX_LANGUAGE_STANDARD = "gnu++17";
				CLANG_CXX_LIBRARY = "libc++";
				CLANG_ENABLE_MODULES = YES;
				CLANG_ENABLE_OBJC_ARC = YES;
				CLANG_ENABLE_OBJC_WEAK = YES;
				CLANG_WARN_BLOCK_CAPTURE_AUTORELEASING = YES;
				CLANG_WARN_BOOL_CONVERSION = YES;
				CLANG_WARN_COMMA = YES;
				CLANG_WARN_CONSTANT_CONVERSION = YES;
				CLANG_WARN_DEPRECATED_OBJC_IMPLEMENTATIONS = YES;
				CLANG_WARN_DIRECT_OBJC_ISA_USAGE = YES_ERROR;
				CLANG_WARN_DOCUMENTATION_COMMENTS = YES;
				CLANG_WARN_EMPTY_BODY = YES;
				CLANG_WARN_ENUM_CONVERSION = YES;
				CLANG_WARN_INFINITE_RECURSION = YES;
				CLANG_WARN_INT_CONVERSION = YES;
				CLANG_WARN_NON_LITERAL_NULL_CONVERSION = YES;
				CLANG_WARN_OBJC_IMPLICIT_RETAIN_SELF = YES;
				CLANG_WARN_OBJC_LITERAL_CONVERSION = YES;
				CLANG_WARN_OBJC_ROOT_CLASS = YES_ERROR;
				CLANG_WARN_QUOTED_INCLUDE_IN_FRAMEWORK_HEADER = YES;
				CLANG_WARN_RANGE_LOOP_ANALYSIS = YES;
				CLANG_WARN_STRICT_PROTOTYPES = YES;
				CLANG_WARN_SUSPICIOUS_MOVE = YES;
				CLANG_WARN_UNGUARDED_AVAILABILITY = YES_AGGRESSIVE;
				CLANG_WARN_UNREACHABLE_CODE = YES;
				CLANG_WARN__DUPLICATE_METHOD_MATCH = YES;
				COPY_PHASE_STRIP = NO;
				DEBUG_INFORMATION_FORMAT = dwarf;
				ENABLE_STRICT_OBJC_MSGSEND = YES;
				ENABLE_TESTABILITY = YES;
				GCC_C_LANGUAGE_STANDARD = gnu11;
				GCC_DYNAMIC_NO_PIC = NO;
				GCC_NO_COMMON_BLOCKS = YES;
				GCC_OPTIMIZATION_LEVEL = 0;
				GCC_PREPROCESSOR_DEFINITIONS = (
					"DEBUG=1",
					"$(inherited)",
				);
				GCC_WARN_64_TO_32_BIT_CONVERSION = YES;
				GCC_WARN_ABOUT_RETURN_TYPE = YES_ERROR;
				GCC_WARN_UNDECLARED_SELECTOR = YES;
				GCC_WARN_UNINITIALIZED_AUTOS = YES_AGGRESSIVE;
				GCC_WARN_UNUSED_FUNCTION = YES;
				GCC_WARN_UNUSED_VARIABLE = YES;
				IPHONEOS_DEPLOYMENT_TARGET = 15.2;
				MTL_ENABLE_DEBUG_INFO = INCLUDE_SOURCE;
				MTL_FAST_MATH = YES;
				ONLY_ACTIVE_ARCH = YES;
				SDKROOT = iphoneos;
				SWIFT_ACTIVE_COMPILATION_CONDITIONS = DEBUG;
				SWIFT_OPTIMIZATION_LEVEL = "-Onone";
			};
			name = Debug;
		};
		9836B3BF27C0DE6100704AB0 /* Release */ = {
			isa = XCBuildConfiguration;
			buildSettings = {
				ALWAYS_SEARCH_USER_PATHS = NO;
				CLANG_ANALYZER_NONNULL = YES;
				CLANG_ANALYZER_NUMBER_OBJECT_CONVERSION = YES_AGGRESSIVE;
				CLANG_CXX_LANGUAGE_STANDARD = "gnu++17";
				CLANG_CXX_LIBRARY = "libc++";
				CLANG_ENABLE_MODULES = YES;
				CLANG_ENABLE_OBJC_ARC = YES;
				CLANG_ENABLE_OBJC_WEAK = YES;
				CLANG_WARN_BLOCK_CAPTURE_AUTORELEASING = YES;
				CLANG_WARN_BOOL_CONVERSION = YES;
				CLANG_WARN_COMMA = YES;
				CLANG_WARN_CONSTANT_CONVERSION = YES;
				CLANG_WARN_DEPRECATED_OBJC_IMPLEMENTATIONS = YES;
				CLANG_WARN_DIRECT_OBJC_ISA_USAGE = YES_ERROR;
				CLANG_WARN_DOCUMENTATION_COMMENTS = YES;
				CLANG_WARN_EMPTY_BODY = YES;
				CLANG_WARN_ENUM_CONVERSION = YES;
				CLANG_WARN_INFINITE_RECURSION = YES;
				CLANG_WARN_INT_CONVERSION = YES;
				CLANG_WARN_NON_LITERAL_NULL_CONVERSION = YES;
				CLANG_WARN_OBJC_IMPLICIT_RETAIN_SELF = YES;
				CLANG_WARN_OBJC_LITERAL_CONVERSION = YES;
				CLANG_WARN_OBJC_ROOT_CLASS = YES_ERROR;
				CLANG_WARN_QUOTED_INCLUDE_IN_FRAMEWORK_HEADER = YES;
				CLANG_WARN_RANGE_LOOP_ANALYSIS = YES;
				CLANG_WARN_STRICT_PROTOTYPES = YES;
				CLANG_WARN_SUSPICIOUS_MOVE = YES;
				CLANG_WARN_UNGUARDED_AVAILABILITY = YES_AGGRESSIVE;
				CLANG_WARN_UNREACHABLE_CODE = YES;
				CLANG_WARN__DUPLICATE_METHOD_MATCH = YES;
				COPY_PHASE_STRIP = NO;
				DEBUG_INFORMATION_FORMAT = "dwarf-with-dsym";
				ENABLE_NS_ASSERTIONS = NO;
				ENABLE_STRICT_OBJC_MSGSEND = YES;
				GCC_C_LANGUAGE_STANDARD = gnu11;
				GCC_NO_COMMON_BLOCKS = YES;
				GCC_WARN_64_TO_32_BIT_CONVERSION = YES;
				GCC_WARN_ABOUT_RETURN_TYPE = YES_ERROR;
				GCC_WARN_UNDECLARED_SELECTOR = YES;
				GCC_WARN_UNINITIALIZED_AUTOS = YES_AGGRESSIVE;
				GCC_WARN_UNUSED_FUNCTION = YES;
				GCC_WARN_UNUSED_VARIABLE = YES;
				IPHONEOS_DEPLOYMENT_TARGET = 15.2;
				MTL_ENABLE_DEBUG_INFO = NO;
				MTL_FAST_MATH = YES;
				SDKROOT = iphoneos;
				SWIFT_COMPILATION_MODE = wholemodule;
				SWIFT_OPTIMIZATION_LEVEL = "-O";
				VALIDATE_PRODUCT = YES;
			};
			name = Release;
		};
		9836B3C127C0DE6100704AB0 /* Debug */ = {
			isa = XCBuildConfiguration;
			buildSettings = {
				ASSETCATALOG_COMPILER_APPICON_NAME = AppIcon;
				ASSETCATALOG_COMPILER_GLOBAL_ACCENT_COLOR_NAME = AccentColor;
				CODE_SIGN_STYLE = Automatic;
				CURRENT_PROJECT_VERSION = 1;
				GENERATE_INFOPLIST_FILE = YES;
				INFOPLIST_FILE = ImageViewMission/Info.plist;
				INFOPLIST_KEY_UIApplicationSupportsIndirectInputEvents = YES;
				INFOPLIST_KEY_UILaunchStoryboardName = LaunchScreen;
				INFOPLIST_KEY_UIMainStoryboardFile = Main;
				INFOPLIST_KEY_UISupportedInterfaceOrientations_iPad = "UIInterfaceOrientationPortrait UIInterfaceOrientationPortraitUpsideDown UIInterfaceOrientationLandscapeLeft UIInterfaceOrientationLandscapeRight";
				INFOPLIST_KEY_UISupportedInterfaceOrientations_iPhone = "UIInterfaceOrientationPortrait UIInterfaceOrientationLandscapeLeft UIInterfaceOrientationLandscapeRight";
				LD_RUNPATH_SEARCH_PATHS = (
					"$(inherited)",
					"@executable_path/Frameworks",
				);
				MARKETING_VERSION = 1.0;
				PRODUCT_BUNDLE_IDENTIFIER = seochan.ImageViewMission;
				PRODUCT_NAME = "$(TARGET_NAME)";
				SWIFT_EMIT_LOC_STRINGS = YES;
				SWIFT_VERSION = 5.0;
				TARGETED_DEVICE_FAMILY = "1,2";
			};
			name = Debug;
		};
		9836B3C227C0DE6100704AB0 /* Release */ = {
			isa = XCBuildConfiguration;
			buildSettings = {
				ASSETCATALOG_COMPILER_APPICON_NAME = AppIcon;
				ASSETCATALOG_COMPILER_GLOBAL_ACCENT_COLOR_NAME = AccentColor;
				CODE_SIGN_STYLE = Automatic;
				CURRENT_PROJECT_VERSION = 1;
				GENERATE_INFOPLIST_FILE = YES;
				INFOPLIST_FILE = ImageViewMission/Info.plist;
				INFOPLIST_KEY_UIApplicationSupportsIndirectInputEvents = YES;
				INFOPLIST_KEY_UILaunchStoryboardName = LaunchScreen;
				INFOPLIST_KEY_UIMainStoryboardFile = Main;
				INFOPLIST_KEY_UISupportedInterfaceOrientations_iPad = "UIInterfaceOrientationPortrait UIInterfaceOrientationPortraitUpsideDown UIInterfaceOrientationLandscapeLeft UIInterfaceOrientationLandscapeRight";
				INFOPLIST_KEY_UISupportedInterfaceOrientations_iPhone = "UIInterfaceOrientationPortrait UIInterfaceOrientationLandscapeLeft UIInterfaceOrientationLandscapeRight";
				LD_RUNPATH_SEARCH_PATHS = (
					"$(inherited)",
					"@executable_path/Frameworks",
				);
				MARKETING_VERSION = 1.0;
				PRODUCT_BUNDLE_IDENTIFIER = seochan.ImageViewMission;
				PRODUCT_NAME = "$(TARGET_NAME)";
				SWIFT_EMIT_LOC_STRINGS = YES;
				SWIFT_VERSION = 5.0;
				TARGETED_DEVICE_FAMILY = "1,2";
			};
			name = Release;
		};
/* End XCBuildConfiguration section */

/* Begin XCConfigurationList section */
		9836B3A727C0DE5F00704AB0 /* Build configuration list for PBXProject "ImageViewMission" */ = {
			isa = XCConfigurationList;
			buildConfigurations = (
				9836B3BE27C0DE6100704AB0 /* Debug */,
				9836B3BF27C0DE6100704AB0 /* Release */,
			);
			defaultConfigurationIsVisible = 0;
			defaultConfigurationName = Release;
		};
		9836B3C027C0DE6100704AB0 /* Build configuration list for PBXNativeTarget "ImageViewMission" */ = {
			isa = XCConfigurationList;
			buildConfigurations = (
				9836B3C127C0DE6100704AB0 /* Debug */,
				9836B3C227C0DE6100704AB0 /* Release */,
			);
			defaultConfigurationIsVisible = 0;
			defaultConfigurationName = Release;
		};
/* End XCConfigurationList section */
	};
	rootObject = 9836B3A427C0DE5F00704AB0 /* Project object */;
}
